{
    "version": 3,
    "terraform_version": "0.9.2",
    "serial": 46,
    "lineage": "b33eb390-051d-46c5-9e57-988efdd7098b",
    "modules": [
        {
            "path": [
                "root"
            ],
            "outputs": {
                "drone_ip": {
                    "sensitive": false,
                    "type": "string",
                    "value": "34.253.24.35"
                },
                "elb_dns_name": {
                    "sensitive": false,
                    "type": "string",
                    "value": "Web-instance-1795236740.eu-west-1.elb.amazonaws.com"
                },
                "web2_ip": {
                    "sensitive": false,
                    "type": "string",
                    "value": "52.210.2.247"
                },
                "web3_ip": {
                    "sensitive": false,
                    "type": "string",
                    "value": "52.212.24.67"
                },
                "web_ip": {
                    "sensitive": false,
                    "type": "string",
                    "value": "52.214.3.196"
                }
            },
            "resources": {
                "aws_eip.node": {
                    "type": "aws_eip",
                    "depends_on": [
                        "aws_instance.web"
                    ],
                    "primary": {
                        "id": "eipalloc-ba6b97dd",
                        "attributes": {
                            "association_id": "eipassoc-e3535c9b",
                            "domain": "vpc",
                            "id": "eipalloc-ba6b97dd",
                            "instance": "i-0264e23f5588ab696",
                            "network_interface": "eni-898bf7da",
                            "private_ip": "172.31.43.208",
                            "public_ip": "34.250.135.244",
                            "vpc": "true"
                        },
                        "meta": {},
                        "tainted": false
                    },
                    "deposed": [],
                    "provider": ""
                },
                "aws_eip.node2": {
                    "type": "aws_eip",
                    "depends_on": [
                        "aws_instance.web2"
                    ],
                    "primary": {
                        "id": "eipalloc-a26a96c5",
                        "attributes": {
                            "association_id": "eipassoc-926e61ea",
                            "domain": "vpc",
                            "id": "eipalloc-a26a96c5",
                            "instance": "i-0fd48eec0f4f22bf3",
                            "network_interface": "eni-2a80fc79",
                            "private_ip": "172.31.36.5",
                            "public_ip": "52.215.31.237",
                            "vpc": "true"
                        },
                        "meta": {},
                        "tainted": false
                    },
                    "deposed": [],
                    "provider": ""
                },
                "aws_eip.node3": {
                    "type": "aws_eip",
                    "depends_on": [
                        "aws_instance.web3"
                    ],
                    "primary": {
                        "id": "eipalloc-d96599be",
                        "attributes": {
                            "association_id": "eipassoc-9f6e61e7",
                            "domain": "vpc",
                            "id": "eipalloc-d96599be",
                            "instance": "i-031fbe3a12d385bdb",
                            "network_interface": "eni-d78bf784",
                            "private_ip": "172.31.37.108",
                            "public_ip": "34.251.77.244",
                            "vpc": "true"
                        },
                        "meta": {},
                        "tainted": false
                    },
                    "deposed": [],
                    "provider": ""
                },
                "aws_elb.master": {
                    "type": "aws_elb",
                    "depends_on": [
                        "aws_instance.web",
                        "aws_instance.web2",
                        "aws_instance.web3",
                        "aws_security_group.node"
                    ],
                    "primary": {
                        "id": "Web-instance",
                        "attributes": {
                            "access_logs.#": "0",
                            "availability_zones.#": "1",
                            "availability_zones.3953592328": "eu-west-1a",
                            "connection_draining": "false",
                            "connection_draining_timeout": "300",
                            "cross_zone_load_balancing": "false",
                            "dns_name": "Web-instance-1795236740.eu-west-1.elb.amazonaws.com",
                            "health_check.#": "1",
                            "health_check.0.healthy_threshold": "2",
                            "health_check.0.interval": "30",
                            "health_check.0.target": "HTTP:80/",
                            "health_check.0.timeout": "3",
                            "health_check.0.unhealthy_threshold": "2",
                            "id": "Web-instance",
                            "idle_timeout": "60",
                            "instances.#": "3",
                            "instances.1517486631": "i-0264e23f5588ab696",
                            "instances.3436690450": "i-031fbe3a12d385bdb",
                            "instances.3795570832": "i-0fd48eec0f4f22bf3",
                            "internal": "false",
                            "listener.#": "1",
                            "listener.2974294026.instance_port": "80",
                            "listener.2974294026.instance_protocol": "tcp",
                            "listener.2974294026.lb_port": "80",
                            "listener.2974294026.lb_protocol": "tcp",
                            "listener.2974294026.ssl_certificate_id": "",
                            "name": "Web-instance",
                            "security_groups.#": "1",
                            "security_groups.2973971191": "sg-bf3692c6",
                            "source_security_group": "481807661051/WebSG",
                            "source_security_group_id": "sg-bf3692c6",
                            "subnets.#": "1",
                            "subnets.602043423": "subnet-875614df",
                            "tags.%": "2",
                            "tags.Name": "Web-instance",
                            "tags.builtWith": "terraform",
                            "zone_id": "Z32O12XQLNTSW2"
                        },
                        "meta": {},
                        "tainted": false
                    },
                    "deposed": [],
                    "provider": ""
                },
                "aws_instance.drone": {
                    "type": "aws_instance",
                    "depends_on": [
                        "aws_security_group.node",
                        "data.aws_ami.amazon",
                        "data.template_file.drone"
                    ],
                    "primary": {
                        "id": "i-02747ace0368e5451",
                        "attributes": {
                            "ami": "ami-405f7226",
                            "associate_public_ip_address": "true",
                            "availability_zone": "eu-west-1a",
                            "disable_api_termination": "false",
                            "ebs_block_device.#": "0",
                            "ebs_optimized": "false",
                            "ephemeral_block_device.#": "0",
                            "iam_instance_profile": "",
                            "id": "i-02747ace0368e5451",
                            "instance_state": "running",
                            "instance_type": "t2.micro",
                            "ipv6_address_count": "0",
                            "ipv6_addresses.#": "0",
                            "key_name": "bootcamp-coreos-kube-test",
                            "monitoring": "false",
                            "network_interface_id": "eni-ca85f999",
                            "private_dns": "ip-172-31-47-199.eu-west-1.compute.internal",
                            "private_ip": "172.31.47.199",
                            "public_dns": "ec2-34-253-24-35.eu-west-1.compute.amazonaws.com",
                            "public_ip": "34.253.24.35",
                            "root_block_device.#": "1",
                            "root_block_device.0.delete_on_termination": "true",
                            "root_block_device.0.iops": "100",
                            "root_block_device.0.volume_size": "8",
                            "root_block_device.0.volume_type": "gp2",
                            "security_groups.#": "1",
                            "security_groups.1922311709": "WebSG",
                            "source_dest_check": "true",
                            "subnet_id": "subnet-875614df",
                            "tags.%": "1",
                            "tags.Name": "Drone-host",
                            "tenancy": "default",
                            "user_data": "a261e5308cd321d3f4f2ae2570ca1c55ff6f6fdd",
                            "vpc_security_group_ids.#": "0"
                        },
                        "meta": {
                            "schema_version": "1"
                        },
                        "tainted": false
                    },
                    "deposed": [],
                    "provider": ""
                },
                "aws_instance.web": {
                    "type": "aws_instance",
                    "depends_on": [
                        "aws_security_group.node",
                        "data.aws_ami.amazon"
                    ],
                    "primary": {
                        "id": "i-0264e23f5588ab696",
                        "attributes": {
                            "ami": "ami-405f7226",
                            "associate_public_ip_address": "true",
                            "availability_zone": "eu-west-1a",
                            "disable_api_termination": "false",
                            "ebs_block_device.#": "0",
                            "ebs_optimized": "false",
                            "ephemeral_block_device.#": "0",
                            "iam_instance_profile": "",
                            "id": "i-0264e23f5588ab696",
                            "instance_state": "running",
                            "instance_type": "t2.micro",
                            "ipv6_address_count": "0",
                            "ipv6_addresses.#": "0",
                            "key_name": "bootcamp-coreos-kube-test",
                            "monitoring": "false",
                            "network_interface_id": "eni-898bf7da",
                            "private_dns": "ip-172-31-43-208.eu-west-1.compute.internal",
                            "private_ip": "172.31.43.208",
                            "public_dns": "ec2-52-214-3-196.eu-west-1.compute.amazonaws.com",
                            "public_ip": "52.214.3.196",
                            "root_block_device.#": "1",
                            "root_block_device.0.delete_on_termination": "true",
                            "root_block_device.0.iops": "100",
                            "root_block_device.0.volume_size": "8",
                            "root_block_device.0.volume_type": "gp2",
                            "security_groups.#": "1",
                            "security_groups.1922311709": "WebSG",
                            "source_dest_check": "true",
                            "subnet_id": "subnet-875614df",
                            "tags.%": "1",
                            "tags.Name": "Web-instance-1",
                            "tenancy": "default",
                            "vpc_security_group_ids.#": "0"
                        },
                        "meta": {
                            "schema_version": "1"
                        },
                        "tainted": false
                    },
                    "deposed": [],
                    "provider": ""
                },
                "aws_instance.web2": {
                    "type": "aws_instance",
                    "depends_on": [
                        "aws_instance.web",
                        "aws_security_group.node",
                        "data.aws_ami.amazon"
                    ],
                    "primary": {
                        "id": "i-0fd48eec0f4f22bf3",
                        "attributes": {
                            "ami": "ami-405f7226",
                            "associate_public_ip_address": "true",
                            "availability_zone": "eu-west-1a",
                            "disable_api_termination": "false",
                            "ebs_block_device.#": "0",
                            "ebs_optimized": "false",
                            "ephemeral_block_device.#": "0",
                            "iam_instance_profile": "",
                            "id": "i-0fd48eec0f4f22bf3",
                            "instance_state": "running",
                            "instance_type": "t2.micro",
                            "ipv6_address_count": "0",
                            "ipv6_addresses.#": "0",
                            "key_name": "bootcamp-coreos-kube-test",
                            "monitoring": "false",
                            "network_interface_id": "eni-2a80fc79",
                            "private_dns": "ip-172-31-36-5.eu-west-1.compute.internal",
                            "private_ip": "172.31.36.5",
                            "public_dns": "ec2-52-210-2-247.eu-west-1.compute.amazonaws.com",
                            "public_ip": "52.210.2.247",
                            "root_block_device.#": "1",
                            "root_block_device.0.delete_on_termination": "true",
                            "root_block_device.0.iops": "100",
                            "root_block_device.0.volume_size": "8",
                            "root_block_device.0.volume_type": "gp2",
                            "security_groups.#": "1",
                            "security_groups.1922311709": "WebSG",
                            "source_dest_check": "true",
                            "subnet_id": "subnet-875614df",
                            "tags.%": "1",
                            "tags.Name": "Web-instance-2",
                            "tenancy": "default",
                            "vpc_security_group_ids.#": "0"
                        },
                        "meta": {
                            "schema_version": "1"
                        },
                        "tainted": false
                    },
                    "deposed": [],
                    "provider": ""
                },
                "aws_instance.web3": {
                    "type": "aws_instance",
                    "depends_on": [
                        "aws_instance.web",
                        "aws_security_group.node",
                        "data.aws_ami.amazon"
                    ],
                    "primary": {
                        "id": "i-031fbe3a12d385bdb",
                        "attributes": {
                            "ami": "ami-405f7226",
                            "associate_public_ip_address": "true",
                            "availability_zone": "eu-west-1a",
                            "disable_api_termination": "false",
                            "ebs_block_device.#": "0",
                            "ebs_optimized": "false",
                            "ephemeral_block_device.#": "0",
                            "iam_instance_profile": "",
                            "id": "i-031fbe3a12d385bdb",
                            "instance_state": "running",
                            "instance_type": "t2.micro",
                            "ipv6_address_count": "0",
                            "ipv6_addresses.#": "0",
                            "key_name": "bootcamp-coreos-kube-test",
                            "monitoring": "false",
                            "network_interface_id": "eni-d78bf784",
                            "private_dns": "ip-172-31-37-108.eu-west-1.compute.internal",
                            "private_ip": "172.31.37.108",
                            "public_dns": "ec2-52-212-24-67.eu-west-1.compute.amazonaws.com",
                            "public_ip": "52.212.24.67",
                            "root_block_device.#": "1",
                            "root_block_device.0.delete_on_termination": "true",
                            "root_block_device.0.iops": "100",
                            "root_block_device.0.volume_size": "8",
                            "root_block_device.0.volume_type": "gp2",
                            "security_groups.#": "1",
                            "security_groups.1922311709": "WebSG",
                            "source_dest_check": "true",
                            "subnet_id": "subnet-875614df",
                            "tags.%": "1",
                            "tags.Name": "Web-instance-3",
                            "tenancy": "default",
                            "vpc_security_group_ids.#": "0"
                        },
                        "meta": {
                            "schema_version": "1"
                        },
                        "tainted": false
                    },
                    "deposed": [],
                    "provider": ""
                },
                "aws_security_group.node": {
                    "type": "aws_security_group",
                    "depends_on": [],
                    "primary": {
                        "id": "sg-bf3692c6",
                        "attributes": {
                            "description": "Allow all inbound traffic",
                            "egress.#": "1",
                            "egress.482069346.cidr_blocks.#": "1",
                            "egress.482069346.cidr_blocks.0": "0.0.0.0/0",
                            "egress.482069346.from_port": "0",
                            "egress.482069346.ipv6_cidr_blocks.#": "0",
                            "egress.482069346.prefix_list_ids.#": "0",
                            "egress.482069346.protocol": "-1",
                            "egress.482069346.security_groups.#": "0",
                            "egress.482069346.self": "false",
                            "egress.482069346.to_port": "0",
                            "id": "sg-bf3692c6",
                            "ingress.#": "5",
                            "ingress.1799340084.cidr_blocks.#": "1",
                            "ingress.1799340084.cidr_blocks.0": "0.0.0.0/0",
                            "ingress.1799340084.from_port": "-1",
                            "ingress.1799340084.ipv6_cidr_blocks.#": "0",
                            "ingress.1799340084.protocol": "icmp",
                            "ingress.1799340084.security_groups.#": "0",
                            "ingress.1799340084.self": "false",
                            "ingress.1799340084.to_port": "-1",
                            "ingress.2214680975.cidr_blocks.#": "1",
                            "ingress.2214680975.cidr_blocks.0": "0.0.0.0/0",
                            "ingress.2214680975.from_port": "80",
                            "ingress.2214680975.ipv6_cidr_blocks.#": "0",
                            "ingress.2214680975.protocol": "tcp",
                            "ingress.2214680975.security_groups.#": "0",
                            "ingress.2214680975.self": "false",
                            "ingress.2214680975.to_port": "80",
                            "ingress.2541437006.cidr_blocks.#": "1",
                            "ingress.2541437006.cidr_blocks.0": "0.0.0.0/0",
                            "ingress.2541437006.from_port": "22",
                            "ingress.2541437006.ipv6_cidr_blocks.#": "0",
                            "ingress.2541437006.protocol": "tcp",
                            "ingress.2541437006.security_groups.#": "0",
                            "ingress.2541437006.self": "false",
                            "ingress.2541437006.to_port": "22",
                            "ingress.2617001939.cidr_blocks.#": "1",
                            "ingress.2617001939.cidr_blocks.0": "0.0.0.0/0",
                            "ingress.2617001939.from_port": "443",
                            "ingress.2617001939.ipv6_cidr_blocks.#": "0",
                            "ingress.2617001939.protocol": "tcp",
                            "ingress.2617001939.security_groups.#": "0",
                            "ingress.2617001939.self": "false",
                            "ingress.2617001939.to_port": "443",
                            "ingress.778117624.cidr_blocks.#": "0",
                            "ingress.778117624.from_port": "2377",
                            "ingress.778117624.ipv6_cidr_blocks.#": "0",
                            "ingress.778117624.protocol": "tcp",
                            "ingress.778117624.security_groups.#": "0",
                            "ingress.778117624.self": "true",
                            "ingress.778117624.to_port": "2377",
                            "name": "WebSG",
                            "owner_id": "481807661051",
                            "tags.%": "0",
                            "vpc_id": "vpc-1fb88b7b"
                        },
                        "meta": {},
                        "tainted": false
                    },
                    "deposed": [],
                    "provider": ""
                },
                "data.aws_ami.amazon": {
                    "type": "aws_ami",
                    "depends_on": [],
                    "primary": {
                        "id": "ami-405f7226",
                        "attributes": {
                            "architecture": "x86_64",
                            "block_device_mappings.#": "3",
                            "block_device_mappings.1634610537.device_name": "/dev/sdb",
                            "block_device_mappings.1634610537.ebs.%": "0",
                            "block_device_mappings.1634610537.no_device": "",
                            "block_device_mappings.1634610537.virtual_name": "ephemeral0",
                            "block_device_mappings.2547816212.device_name": "/dev/sda1",
                            "block_device_mappings.2547816212.ebs.%": "6",
                            "block_device_mappings.2547816212.ebs.delete_on_termination": "true",
                            "block_device_mappings.2547816212.ebs.encrypted": "false",
                            "block_device_mappings.2547816212.ebs.iops": "0",
                            "block_device_mappings.2547816212.ebs.snapshot_id": "snap-072cbf08f28b337b9",
                            "block_device_mappings.2547816212.ebs.volume_size": "8",
                            "block_device_mappings.2547816212.ebs.volume_type": "gp2",
                            "block_device_mappings.2547816212.no_device": "",
                            "block_device_mappings.2547816212.virtual_name": "",
                            "block_device_mappings.3850042718.device_name": "/dev/sdc",
                            "block_device_mappings.3850042718.ebs.%": "0",
                            "block_device_mappings.3850042718.no_device": "",
                            "block_device_mappings.3850042718.virtual_name": "ephemeral1",
                            "creation_date": "2017-02-22T12:30:56.000Z",
                            "filter.#": "2",
                            "filter.1266580610.name": "image-id",
                            "filter.1266580610.values.#": "1",
                            "filter.1266580610.values.0": "ami-405f7226",
                            "filter.490168357.name": "virtualization-type",
                            "filter.490168357.values.#": "1",
                            "filter.490168357.values.0": "hvm",
                            "hypervisor": "xen",
                            "id": "ami-405f7226",
                            "image_id": "ami-405f7226",
                            "image_location": "099720109477/ubuntu/images/hvm-ssd/ubuntu-xenial-16.04-amd64-server-20170221",
                            "image_type": "machine",
                            "most_recent": "false",
                            "name": "ubuntu/images/hvm-ssd/ubuntu-xenial-16.04-amd64-server-20170221",
                            "owner_id": "099720109477",
                            "product_codes.#": "0",
                            "public": "true",
                            "root_device_name": "/dev/sda1",
                            "root_device_type": "ebs",
                            "sriov_net_support": "simple",
                            "state": "available",
                            "state_reason.%": "2",
                            "state_reason.code": "UNSET",
                            "state_reason.message": "UNSET",
                            "tags.#": "0",
                            "virtualization_type": "hvm"
                        },
                        "meta": {},
                        "tainted": false
                    },
                    "deposed": [],
                    "provider": ""
                },
                "data.template_file.drone": {
                    "type": "template_file",
                    "depends_on": [],
                    "primary": {
                        "id": "3042dfb017bd092ce8ead33e0b1f9e08e90512503193e6d73420ae9e573e0f14",
                        "attributes": {
                            "id": "3042dfb017bd092ce8ead33e0b1f9e08e90512503193e6d73420ae9e573e0f14",
                            "rendered": "#!/bin/bash\n\nusermod -aG docker ubuntu\ncurl -sSL https://get.docker.com/ | sh\ncurl -L https://github.com/docker/compose/releases/download/1.12.0-rc2/docker-compose-`uname -s`-`uname -m` \u003e /usr/local/bin/docker-compose \u0026\u0026 chmod +x /usr/local/bin/docker-compose\n",
                            "template": "#!/bin/bash\n\nusermod -aG docker ubuntu\ncurl -sSL https://get.docker.com/ | sh\ncurl -L https://github.com/docker/compose/releases/download/1.12.0-rc2/docker-compose-`uname -s`-`uname -m` \u003e /usr/local/bin/docker-compose \u0026\u0026 chmod +x /usr/local/bin/docker-compose\n"
                        },
                        "meta": {},
                        "tainted": false
                    },
                    "deposed": [],
                    "provider": ""
                },
                "data.template_file.manager": {
                    "type": "template_file",
                    "depends_on": [],
                    "primary": {
                        "id": "62631d0e4399ca516ed51b5d4afa31a7d1b4df8712b7cdf7e88f448d5c7b4d67",
                        "attributes": {
                            "id": "62631d0e4399ca516ed51b5d4afa31a7d1b4df8712b7cdf7e88f448d5c7b4d67",
                            "rendered": "#!/bin/bash\n\nusermod -aG docker ubuntu\ncurl -sSL https://get.docker.com/ | sh\n",
                            "template": "#!/bin/bash\n\nusermod -aG docker ubuntu\ncurl -sSL https://get.docker.com/ | sh\n"
                        },
                        "meta": {},
                        "tainted": false
                    },
                    "deposed": [],
                    "provider": ""
                },
                "data.template_file.node": {
                    "type": "template_file",
                    "depends_on": [],
                    "primary": {
                        "id": "bf325ce9358e272f29fdfb40c0b62c74e2d214068180610b5004b2c53069dd3c",
                        "attributes": {
                            "id": "bf325ce9358e272f29fdfb40c0b62c74e2d214068180610b5004b2c53069dd3c",
                            "rendered": "#!/bin/bash\n\nusermod -aG docker ubuntu\ncurl -sSL https://get.docker.com/ | sh\nservice docker start\n",
                            "template": "#!/bin/bash\n\nusermod -aG docker ubuntu\ncurl -sSL https://get.docker.com/ | sh\nservice docker start\n"
                        },
                        "meta": {},
                        "tainted": false
                    },
                    "deposed": [],
                    "provider": ""
                }
            },
            "depends_on": []
        }
    ]
}
